
Microsoft Visual Studio Solution File, Format Version 12.00
# Visual Studio Version 17
VisualStudioVersion = 17.3.32929.385
MinimumVisualStudioVersion = 10.0.40219.1
Project("{FAE04EC0-301F-11D3-BF4B-00C04F79EFBC}") = "gauravapi.api", "gauravapi.api\gauravapi.api.csproj", "{AC5634F4-A8AE-4C15-B8B8-8A771B66AF0A}"
EndProject
Global
	GlobalSection(SolutionConfigurationPlatforms) = preSolution
		Debug|Any CPU = Debug|Any CPU
		Release|Any CPU = Release|Any CPU
	EndGlobalSection
	GlobalSection(ProjectConfigurationPlatforms) = postSolution
		{AC5634F4-A8AE-4C15-B8B8-8A771B66AF0A}.Debug|Any CPU.ActiveCfg = Debug|Any CPU
		{AC5634F4-A8AE-4C15-B8B8-8A771B66AF0A}.Debug|Any CPU.Build.0 = Debug|Any CPU
		{AC5634F4-A8AE-4C15-B8B8-8A771B66AF0A}.Release|Any CPU.ActiveCfg = Release|Any CPU
		{AC5634F4-A8AE-4C15-B8B8-8A771B66AF0A}.Release|Any CPU.Build.0 = Release|Any CPU
	EndGlobalSection
	GlobalSection(SolutionProperties) = preSolution
		HideSolutionNode = FALSE
	EndGlobalSection
	GlobalSection(ExtensibilityGlobals) = postSolution
		SolutionGuid = {3C81A7FD-BEB2-4927-8681-D195F278FC3C}
	EndGlobalSection
EndGlobal
